
Microsoft Visual Studio Solution File, Format Version 12.00
# Visual Studio 15
Project("{FAE04EC0-301F-11D3-BF4B-00C04F79EFBC}") = "A_LVL_Adv3_HomeWork1", "A_LVL_Adv3_HomeWork1\A_LVL_Adv3_HomeWork1.csproj", "{355D95B3-8BF0-4D49-B923-7CCA1681D5E9}"
EndProject
Project("{FAE04EC0-301F-11D3-BF4B-00C04F79EFBC}") = "A_LVL_Adv3_HomeWork1_DLL", "A_LVL_Adv3_HomeWork1_DLL\A_LVL_Adv3_HomeWork1_DLL.csproj", "{F63F47DF-34CD-4129-8478-3525B2551C6F}"
EndProject
Global
	GlobalSection(SolutionConfigurationPlatforms) = preSolution
		Debug|Any CPU = Debug|Any CPU
		Release|Any CPU = Release|Any CPU
	EndGlobalSection
	GlobalSection(ProjectConfigurationPlatforms) = postSolution
		{355D95B3-8BF0-4D49-B923-7CCA1681D5E9}.Debug|Any CPU.ActiveCfg = Debug|Any CPU
		{355D95B3-8BF0-4D49-B923-7CCA1681D5E9}.Debug|Any CPU.Build.0 = Debug|Any CPU
		{355D95B3-8BF0-4D49-B923-7CCA1681D5E9}.Release|Any CPU.ActiveCfg = Release|Any CPU
		{355D95B3-8BF0-4D49-B923-7CCA1681D5E9}.Release|Any CPU.Build.0 = Release|Any CPU
		{F63F47DF-34CD-4129-8478-3525B2551C6F}.Debug|Any CPU.ActiveCfg = Debug|Any CPU
		{F63F47DF-34CD-4129-8478-3525B2551C6F}.Debug|Any CPU.Build.0 = Debug|Any CPU
		{F63F47DF-34CD-4129-8478-3525B2551C6F}.Release|Any CPU.ActiveCfg = Release|Any CPU
		{F63F47DF-34CD-4129-8478-3525B2551C6F}.Release|Any CPU.Build.0 = Release|Any CPU
	EndGlobalSection
EndGlobal
