
Microsoft Visual Studio Solution File, Format Version 12.00
# Visual Studio 15
Project("{FAE04EC0-301F-11D3-BF4B-00C04F79EFBC}") = "square_matrix", "square_matrix\square_matrix.csproj", "{1A7C6A16-1FEC-4F11-855E-DB49E8C75222}"
EndProject
Project("{FAE04EC0-301F-11D3-BF4B-00C04F79EFBC}") = "SquareMatrixLibrary", "SquareMatrixLibrary\SquareMatrixLibrary.csproj", "{A7A5B74D-CBFA-482F-8EA4-461AC3E84E73}"
EndProject
Global
	GlobalSection(SolutionConfigurationPlatforms) = preSolution
		Debug|Any CPU = Debug|Any CPU
		Release|Any CPU = Release|Any CPU
	EndGlobalSection
	GlobalSection(ProjectConfigurationPlatforms) = postSolution
		{1A7C6A16-1FEC-4F11-855E-DB49E8C75222}.Debug|Any CPU.ActiveCfg = Debug|Any CPU
		{1A7C6A16-1FEC-4F11-855E-DB49E8C75222}.Debug|Any CPU.Build.0 = Debug|Any CPU
		{1A7C6A16-1FEC-4F11-855E-DB49E8C75222}.Release|Any CPU.ActiveCfg = Release|Any CPU
		{1A7C6A16-1FEC-4F11-855E-DB49E8C75222}.Release|Any CPU.Build.0 = Release|Any CPU
		{A7A5B74D-CBFA-482F-8EA4-461AC3E84E73}.Debug|Any CPU.ActiveCfg = Debug|Any CPU
		{A7A5B74D-CBFA-482F-8EA4-461AC3E84E73}.Debug|Any CPU.Build.0 = Debug|Any CPU
		{A7A5B74D-CBFA-482F-8EA4-461AC3E84E73}.Release|Any CPU.ActiveCfg = Release|Any CPU
		{A7A5B74D-CBFA-482F-8EA4-461AC3E84E73}.Release|Any CPU.Build.0 = Release|Any CPU
	EndGlobalSection
EndGlobal
